
Microsoft Visual Studio Solution File, Format Version 12.00
# Visual Studio Version 17
VisualStudioVersion = 17.5.33530.505
MinimumVisualStudioVersion = 10.0.40219.1
Project("{FAE04EC0-301F-11D3-BF4B-00C04F79EFBC}") = "ModuleAPI", "ModuleAPI\ModuleAPI.csproj", "{EBC3C3B1-4010-40C3-9CBF-3E19A35159DF}"
EndProject
Global
	GlobalSection(SolutionConfigurationPlatforms) = preSolution
		Debug|Any CPU = Debug|Any CPU
		Release|Any CPU = Release|Any CPU
	EndGlobalSection
	GlobalSection(ProjectConfigurationPlatforms) = postSolution
		{EBC3C3B1-4010-40C3-9CBF-3E19A35159DF}.Debug|Any CPU.ActiveCfg = Debug|Any CPU
		{EBC3C3B1-4010-40C3-9CBF-3E19A35159DF}.Debug|Any CPU.Build.0 = Debug|Any CPU
		{EBC3C3B1-4010-40C3-9CBF-3E19A35159DF}.Release|Any CPU.ActiveCfg = Release|Any CPU
		{EBC3C3B1-4010-40C3-9CBF-3E19A35159DF}.Release|Any CPU.Build.0 = Release|Any CPU
	EndGlobalSection
	GlobalSection(SolutionProperties) = preSolution
		HideSolutionNode = FALSE
	EndGlobalSection
	GlobalSection(ExtensibilityGlobals) = postSolution
		SolutionGuid = {A4215DAD-0BEC-4C68-B2C9-4D0B9E3B2012}
	EndGlobalSection
EndGlobal
